
Microsoft Visual Studio Solution File, Format Version 12.00
# Visual Studio Version 16
VisualStudioVersion = 16.0.30011.22
MinimumVisualStudioVersion = 10.0.40219.1
Project("{8BC9CEB8-8B4A-11D0-8D11-00A0C91BC942}") = "HanoiTower", "HanoiTower.vcxproj", "{96732973-E3C4-4E0B-9727-72C231BFE111}"
EndProject
Global
	GlobalSection(SolutionConfigurationPlatforms) = preSolution
		Debug|x64 = Debug|x64
		Debug|x86 = Debug|x86
		Release|x64 = Release|x64
		Release|x86 = Release|x86
	EndGlobalSection
	GlobalSection(ProjectConfigurationPlatforms) = postSolution
		{96732973-E3C4-4E0B-9727-72C231BFE111}.Debug|x64.ActiveCfg = Debug|x64
		{96732973-E3C4-4E0B-9727-72C231BFE111}.Debug|x64.Build.0 = Debug|x64
		{96732973-E3C4-4E0B-9727-72C231BFE111}.Debug|x86.ActiveCfg = Debug|Win32
		{96732973-E3C4-4E0B-9727-72C231BFE111}.Debug|x86.Build.0 = Debug|Win32
		{96732973-E3C4-4E0B-9727-72C231BFE111}.Release|x64.ActiveCfg = Release|x64
		{96732973-E3C4-4E0B-9727-72C231BFE111}.Release|x64.Build.0 = Release|x64
		{96732973-E3C4-4E0B-9727-72C231BFE111}.Release|x86.ActiveCfg = Release|Win32
		{96732973-E3C4-4E0B-9727-72C231BFE111}.Release|x86.Build.0 = Release|Win32
	EndGlobalSection
	GlobalSection(SolutionProperties) = preSolution
		HideSolutionNode = FALSE
	EndGlobalSection
	GlobalSection(ExtensibilityGlobals) = postSolution
		SolutionGuid = {2D0C9940-A861-4E39-B809-55B70AD47808}
	EndGlobalSection
EndGlobal
